
Microsoft Visual Studio Solution File, Format Version 12.00
# Visual Studio Version 17
VisualStudioVersion = 17.7.34031.279
MinimumVisualStudioVersion = 10.0.40219.1
Project("{FAE04EC0-301F-11D3-BF4B-00C04F79EFBC}") = "Аргументы флаги это плохо", "Аргументы флаги это плохо\Аргументы флаги это плохо.csproj", "{15FFDD79-E084-4045-86E1-711A28E84F9A}"
EndProject
Global
	GlobalSection(SolutionConfigurationPlatforms) = preSolution
		Debug|Any CPU = Debug|Any CPU
		Release|Any CPU = Release|Any CPU
	EndGlobalSection
	GlobalSection(ProjectConfigurationPlatforms) = postSolution
		{15FFDD79-E084-4045-86E1-711A28E84F9A}.Debug|Any CPU.ActiveCfg = Debug|Any CPU
		{15FFDD79-E084-4045-86E1-711A28E84F9A}.Debug|Any CPU.Build.0 = Debug|Any CPU
		{15FFDD79-E084-4045-86E1-711A28E84F9A}.Release|Any CPU.ActiveCfg = Release|Any CPU
		{15FFDD79-E084-4045-86E1-711A28E84F9A}.Release|Any CPU.Build.0 = Release|Any CPU
	EndGlobalSection
	GlobalSection(SolutionProperties) = preSolution
		HideSolutionNode = FALSE
	EndGlobalSection
	GlobalSection(ExtensibilityGlobals) = postSolution
		SolutionGuid = {30B028E0-CBB8-4E01-8F3F-1A20C62D6652}
	EndGlobalSection
EndGlobal
